<?xml version="1.0" encoding="utf-8"?>
<Project ToolsVersion="15.0" xmlns="http://schemas.microsoft.com/developer/msbuild/2003">
  <ItemGroup>
    <ClCompile Include="C:\dev\projects\games_graphics\Amber3D\Dependencies\bullet-2.82-r2704\Demos\DX11ClothDemo\DXUT\Core\DXUT.cpp">
      <Filter>Source Files</Filter>
    </ClCompile>
    <ClCompile Include="C:\dev\projects\games_graphics\Amber3D\Dependencies\bullet-2.82-r2704\Demos\DX11ClothDemo\DXUT\Optional\DXUTcamera.cpp">
      <Filter>Source Files</Filter>
    </ClCompile>
    <ClCompile Include="C:\dev\projects\games_graphics\Amber3D\Dependencies\bullet-2.82-r2704\Demos\DX11ClothDemo\DXUT\Core\DXUTDevice11.cpp">
      <Filter>Source Files</Filter>
    </ClCompile>
    <ClCompile Include="C:\dev\projects\games_graphics\Amber3D\Dependencies\bullet-2.82-r2704\Demos\DX11ClothDemo\DXUT\Core\DXUTDevice9.cpp">
      <Filter>Source Files</Filter>
    </ClCompile>
    <ClCompile Include="C:\dev\projects\games_graphics\Amber3D\Dependencies\bullet-2.82-r2704\Demos\DX11ClothDemo\DXUT\Optional\DXUTgui.cpp">
      <Filter>Source Files</Filter>
    </ClCompile>
    <ClCompile Include="C:\dev\projects\games_graphics\Amber3D\Dependencies\bullet-2.82-r2704\Demos\DX11ClothDemo\DXUT\Core\DXUTmisc.cpp">
      <Filter>Source Files</Filter>
    </ClCompile>
    <ClCompile Include="C:\dev\projects\games_graphics\Amber3D\Dependencies\bullet-2.82-r2704\Demos\DX11ClothDemo\DXUT\Optional\DXUTres.cpp">
      <Filter>Source Files</Filter>
    </ClCompile>
    <ClCompile Include="C:\dev\projects\games_graphics\Amber3D\Dependencies\bullet-2.82-r2704\Demos\DX11ClothDemo\DXUT\Optional\DXUTsettingsdlg.cpp">
      <Filter>Source Files</Filter>
    </ClCompile>
    <ClCompile Include="C:\dev\projects\games_graphics\Amber3D\Dependencies\bullet-2.82-r2704\Demos\DX11ClothDemo\DXUT\Optional\SDKmesh.cpp">
      <Filter>Source Files</Filter>
    </ClCompile>
    <ClCompile Include="C:\dev\projects\games_graphics\Amber3D\Dependencies\bullet-2.82-r2704\Demos\DX11ClothDemo\DXUT\Optional\SDKmisc.cpp">
      <Filter>Source Files</Filter>
    </ClCompile>
    <ClCompile Include="C:\dev\projects\games_graphics\Amber3D\Dependencies\bullet-2.82-r2704\Demos\DX11ClothDemo\cloth_renderer.cpp">
      <Filter>Source Files</Filter>
    </ClCompile>
  </ItemGroup>
  <ItemGroup>
    <ClInclude Include="C:\dev\projects\games_graphics\Amber3D\Dependencies\bullet-2.82-r2704\Demos\DX11ClothDemo\DXUT\Core\DXUT.h">
      <Filter>Header Files</Filter>
    </ClInclude>
    <ClInclude Include="C:\dev\projects\games_graphics\Amber3D\Dependencies\bullet-2.82-r2704\Demos\DX11ClothDemo\DXUT\Optional\DXUTcamera.h">
      <Filter>Header Files</Filter>
    </ClInclude>
    <ClInclude Include="C:\dev\projects\games_graphics\Amber3D\Dependencies\bullet-2.82-r2704\Demos\DX11ClothDemo\DXUT\Core\DXUTDevice11.h">
      <Filter>Header Files</Filter>
    </ClInclude>
    <ClInclude Include="C:\dev\projects\games_graphics\Amber3D\Dependencies\bullet-2.82-r2704\Demos\DX11ClothDemo\DXUT\Core\DXUTDevice9.h">
      <Filter>Header Files</Filter>
    </ClInclude>
    <ClInclude Include="C:\dev\projects\games_graphics\Amber3D\Dependencies\bullet-2.82-r2704\Demos\DX11ClothDemo\DXUT\Optional\DXUTgui.h">
      <Filter>Header Files</Filter>
    </ClInclude>
    <ClInclude Include="C:\dev\projects\games_graphics\Amber3D\Dependencies\bullet-2.82-r2704\Demos\DX11ClothDemo\DXUT\Core\DXUTmisc.h">
      <Filter>Header Files</Filter>
    </ClInclude>
    <ClInclude Include="C:\dev\projects\games_graphics\Amber3D\Dependencies\bullet-2.82-r2704\Demos\DX11ClothDemo\DXUT\Optional\DXUTres.h">
      <Filter>Header Files</Filter>
    </ClInclude>
    <ClInclude Include="C:\dev\projects\games_graphics\Amber3D\Dependencies\bullet-2.82-r2704\Demos\DX11ClothDemo\DXUT\Optional\DXUTsettingsdlg.h">
      <Filter>Header Files</Filter>
    </ClInclude>
    <ClInclude Include="C:\dev\projects\games_graphics\Amber3D\Dependencies\bullet-2.82-r2704\Demos\DX11ClothDemo\DXUT\Optional\SDKmesh.h">
      <Filter>Header Files</Filter>
    </ClInclude>
    <ClInclude Include="C:\dev\projects\games_graphics\Amber3D\Dependencies\bullet-2.82-r2704\Demos\DX11ClothDemo\DXUT\Optional\SDKmisc.h">
      <Filter>Header Files</Filter>
    </ClInclude>
    <ClInclude Include="C:\dev\projects\games_graphics\Amber3D\Dependencies\bullet-2.82-r2704\Demos\DX11ClothDemo\btDirectComputeSupport.h">
      <Filter>Header Files</Filter>
    </ClInclude>
    <ClInclude Include="C:\dev\projects\games_graphics\Amber3D\Dependencies\bullet-2.82-r2704\Demos\DX11ClothDemo\cap.h">
      <Filter>Header Files</Filter>
    </ClInclude>
    <ClInclude Include="C:\dev\projects\games_graphics\Amber3D\Dependencies\bullet-2.82-r2704\Demos\DX11ClothDemo\cloth.h">
      <Filter>Header Files</Filter>
    </ClInclude>
    <ClInclude Include="C:\dev\projects\games_graphics\Amber3D\Dependencies\bullet-2.82-r2704\Demos\DX11ClothDemo\cylinder.h">
      <Filter>Header Files</Filter>
    </ClInclude>
    <ClInclude Include="C:\dev\projects\games_graphics\Amber3D\Dependencies\bullet-2.82-r2704\Demos\DX11ClothDemo\resource.h">
      <Filter>Header Files</Filter>
    </ClInclude>
  </ItemGroup>
  <ItemGroup>
    <CustomBuild Include="C:\dev\projects\games_graphics\Amber3D\Dependencies\bullet-2.82-r2704\Demos\DX11ClothDemo\CMakeLists.txt" />
  </ItemGroup>
  <ItemGroup>
    <Filter Include="Header Files">
      <UniqueIdentifier>{95239D86-2B7B-3648-BD8F-E5D865A33750}</UniqueIdentifier>
    </Filter>
    <Filter Include="Source Files">
      <UniqueIdentifier>{6791F7CA-DA54-3433-B3F9-A99BBA131606}</UniqueIdentifier>
    </Filter>
  </ItemGroup>
</Project>
